
Microsoft Visual Studio Solution File, Format Version 12.00
# Visual Studio Version 17
VisualStudioVersion = 17.0.31903.59
MinimumVisualStudioVersion = 10.0.40219.1
Project("{2150E333-8FDC-42A3-9474-1A3956D46DE8}") = "src", "src", "{827E0CD3-B72D-47B6-A68D-7590B98EB39B}"
EndProject
Project("{FAE04EC0-301F-11D3-BF4B-00C04F79EFBC}") = "AjCaptcha.Core", "src\AjCaptcha.Core\AjCaptcha.Core.csproj", "{368831BF-81A2-4C1B-92ED-02598C411C58}"
EndProject
Project("{FAE04EC0-301F-11D3-BF4B-00C04F79EFBC}") = "AjCaptcha.AspNetCore", "src\AjCaptcha.AspNetCore\AjCaptcha.AspNetCore.csproj", "{8528F197-97E6-40CE-94B4-5096D53D6065}"
EndProject
Project("{FAE04EC0-301F-11D3-BF4B-00C04F79EFBC}") = "AjCaptcha.Sample", "samples\AjCaptcha.Sample\AjCaptcha.Sample.csproj", "{03243DB8-6096-4755-A876-83056A23AF41}"
EndProject
Project("{FAE04EC0-301F-11D3-BF4B-00C04F79EFBC}") = "AjCaptcha.Core.Tests", "tests\AjCaptcha.Core.Tests\AjCaptcha.Core.Tests.csproj", "{92FD161A-D90E-422B-8FC6-8EB4B1119D4A}"
EndProject
Project("{FAE04EC0-301F-11D3-BF4B-00C04F79EFBC}") = "AjCaptcha.AspNetCore.Tests", "tests\AjCaptcha.AspNetCore.Tests\AjCaptcha.AspNetCore.Tests.csproj", "{BC069E71-C7B6-4917-A097-4D07390FC8A4}"
EndProject
Project("{2150E333-8FDC-42A3-9474-1A3956D46DE8}") = "samples", "samples", "{5D20AA90-6969-D8BD-9DCD-8634F4692FDA}"
EndProject
Project("{FAE04EC0-301F-11D3-BF4B-00C04F79EFBC}") = "AjCaptcha.NugetWebDemo", "samples\AjCaptcha.NugetWebDemo\AjCaptcha.NugetWebDemo.csproj", "{D2115E2E-8F96-4614-A4EE-8D92C5DF766A}"
EndProject
Global
	GlobalSection(SolutionConfigurationPlatforms) = preSolution
		Debug|Any CPU = Debug|Any CPU
		Debug|x64 = Debug|x64
		Debug|x86 = Debug|x86
		Release|Any CPU = Release|Any CPU
		Release|x64 = Release|x64
		Release|x86 = Release|x86
	EndGlobalSection
	GlobalSection(ProjectConfigurationPlatforms) = postSolution
		{368831BF-81A2-4C1B-92ED-02598C411C58}.Debug|Any CPU.ActiveCfg = Debug|Any CPU
		{368831BF-81A2-4C1B-92ED-02598C411C58}.Debug|Any CPU.Build.0 = Debug|Any CPU
		{368831BF-81A2-4C1B-92ED-02598C411C58}.Debug|x64.ActiveCfg = Debug|Any CPU
		{368831BF-81A2-4C1B-92ED-02598C411C58}.Debug|x64.Build.0 = Debug|Any CPU
		{368831BF-81A2-4C1B-92ED-02598C411C58}.Debug|x86.ActiveCfg = Debug|Any CPU
		{368831BF-81A2-4C1B-92ED-02598C411C58}.Debug|x86.Build.0 = Debug|Any CPU
		{368831BF-81A2-4C1B-92ED-02598C411C58}.Release|Any CPU.ActiveCfg = Release|Any CPU
		{368831BF-81A2-4C1B-92ED-02598C411C58}.Release|Any CPU.Build.0 = Release|Any CPU
		{368831BF-81A2-4C1B-92ED-02598C411C58}.Release|x64.ActiveCfg = Release|Any CPU
		{368831BF-81A2-4C1B-92ED-02598C411C58}.Release|x64.Build.0 = Release|Any CPU
		{368831BF-81A2-4C1B-92ED-02598C411C58}.Release|x86.ActiveCfg = Release|Any CPU
		{368831BF-81A2-4C1B-92ED-02598C411C58}.Release|x86.Build.0 = Release|Any CPU
		{8528F197-97E6-40CE-94B4-5096D53D6065}.Debug|Any CPU.ActiveCfg = Debug|Any CPU
		{8528F197-97E6-40CE-94B4-5096D53D6065}.Debug|Any CPU.Build.0 = Debug|Any CPU
		{8528F197-97E6-40CE-94B4-5096D53D6065}.Debug|x64.ActiveCfg = Debug|Any CPU
		{8528F197-97E6-40CE-94B4-5096D53D6065}.Debug|x64.Build.0 = Debug|Any CPU
		{8528F197-97E6-40CE-94B4-5096D53D6065}.Debug|x86.ActiveCfg = Debug|Any CPU
		{8528F197-97E6-40CE-94B4-5096D53D6065}.Debug|x86.Build.0 = Debug|Any CPU
		{8528F197-97E6-40CE-94B4-5096D53D6065}.Release|Any CPU.ActiveCfg = Release|Any CPU
		{8528F197-97E6-40CE-94B4-5096D53D6065}.Release|Any CPU.Build.0 = Release|Any CPU
		{8528F197-97E6-40CE-94B4-5096D53D6065}.Release|x64.ActiveCfg = Release|Any CPU
		{8528F197-97E6-40CE-94B4-5096D53D6065}.Release|x64.Build.0 = Release|Any CPU
		{8528F197-97E6-40CE-94B4-5096D53D6065}.Release|x86.ActiveCfg = Release|Any CPU
		{8528F197-97E6-40CE-94B4-5096D53D6065}.Release|x86.Build.0 = Release|Any CPU
		{03243DB8-6096-4755-A876-83056A23AF41}.Debug|Any CPU.ActiveCfg = Debug|Any CPU
		{03243DB8-6096-4755-A876-83056A23AF41}.Debug|Any CPU.Build.0 = Debug|Any CPU
		{03243DB8-6096-4755-A876-83056A23AF41}.Debug|x64.ActiveCfg = Debug|Any CPU
		{03243DB8-6096-4755-A876-83056A23AF41}.Debug|x64.Build.0 = Debug|Any CPU
		{03243DB8-6096-4755-A876-83056A23AF41}.Debug|x86.ActiveCfg = Debug|Any CPU
		{03243DB8-6096-4755-A876-83056A23AF41}.Debug|x86.Build.0 = Debug|Any CPU
		{03243DB8-6096-4755-A876-83056A23AF41}.Release|Any CPU.ActiveCfg = Release|Any CPU
		{03243DB8-6096-4755-A876-83056A23AF41}.Release|Any CPU.Build.0 = Release|Any CPU
		{03243DB8-6096-4755-A876-83056A23AF41}.Release|x64.ActiveCfg = Release|Any CPU
		{03243DB8-6096-4755-A876-83056A23AF41}.Release|x64.Build.0 = Release|Any CPU
		{03243DB8-6096-4755-A876-83056A23AF41}.Release|x86.ActiveCfg = Release|Any CPU
		{03243DB8-6096-4755-A876-83056A23AF41}.Release|x86.Build.0 = Release|Any CPU
		{92FD161A-D90E-422B-8FC6-8EB4B1119D4A}.Debug|Any CPU.ActiveCfg = Debug|Any CPU
		{92FD161A-D90E-422B-8FC6-8EB4B1119D4A}.Debug|Any CPU.Build.0 = Debug|Any CPU
		{92FD161A-D90E-422B-8FC6-8EB4B1119D4A}.Debug|x64.ActiveCfg = Debug|Any CPU
		{92FD161A-D90E-422B-8FC6-8EB4B1119D4A}.Debug|x64.Build.0 = Debug|Any CPU
		{92FD161A-D90E-422B-8FC6-8EB4B1119D4A}.Debug|x86.ActiveCfg = Debug|Any CPU
		{92FD161A-D90E-422B-8FC6-8EB4B1119D4A}.Debug|x86.Build.0 = Debug|Any CPU
		{92FD161A-D90E-422B-8FC6-8EB4B1119D4A}.Release|Any CPU.ActiveCfg = Release|Any CPU
		{92FD161A-D90E-422B-8FC6-8EB4B1119D4A}.Release|Any CPU.Build.0 = Release|Any CPU
		{92FD161A-D90E-422B-8FC6-8EB4B1119D4A}.Release|x64.ActiveCfg = Release|Any CPU
		{92FD161A-D90E-422B-8FC6-8EB4B1119D4A}.Release|x64.Build.0 = Release|Any CPU
		{92FD161A-D90E-422B-8FC6-8EB4B1119D4A}.Release|x86.ActiveCfg = Release|Any CPU
		{92FD161A-D90E-422B-8FC6-8EB4B1119D4A}.Release|x86.Build.0 = Release|Any CPU
		{BC069E71-C7B6-4917-A097-4D07390FC8A4}.Debug|Any CPU.ActiveCfg = Debug|Any CPU
		{BC069E71-C7B6-4917-A097-4D07390FC8A4}.Debug|Any CPU.Build.0 = Debug|Any CPU
		{BC069E71-C7B6-4917-A097-4D07390FC8A4}.Debug|x64.ActiveCfg = Debug|Any CPU
		{BC069E71-C7B6-4917-A097-4D07390FC8A4}.Debug|x64.Build.0 = Debug|Any CPU
		{BC069E71-C7B6-4917-A097-4D07390FC8A4}.Debug|x86.ActiveCfg = Debug|Any CPU
		{BC069E71-C7B6-4917-A097-4D07390FC8A4}.Debug|x86.Build.0 = Debug|Any CPU
		{BC069E71-C7B6-4917-A097-4D07390FC8A4}.Release|Any CPU.ActiveCfg = Release|Any CPU
		{BC069E71-C7B6-4917-A097-4D07390FC8A4}.Release|Any CPU.Build.0 = Release|Any CPU
		{BC069E71-C7B6-4917-A097-4D07390FC8A4}.Release|x64.ActiveCfg = Release|Any CPU
		{BC069E71-C7B6-4917-A097-4D07390FC8A4}.Release|x64.Build.0 = Release|Any CPU
		{BC069E71-C7B6-4917-A097-4D07390FC8A4}.Release|x86.ActiveCfg = Release|Any CPU
		{BC069E71-C7B6-4917-A097-4D07390FC8A4}.Release|x86.Build.0 = Release|Any CPU
		{D2115E2E-8F96-4614-A4EE-8D92C5DF766A}.Debug|Any CPU.ActiveCfg = Debug|Any CPU
		{D2115E2E-8F96-4614-A4EE-8D92C5DF766A}.Debug|Any CPU.Build.0 = Debug|Any CPU
		{D2115E2E-8F96-4614-A4EE-8D92C5DF766A}.Debug|x64.ActiveCfg = Debug|Any CPU
		{D2115E2E-8F96-4614-A4EE-8D92C5DF766A}.Debug|x64.Build.0 = Debug|Any CPU
		{D2115E2E-8F96-4614-A4EE-8D92C5DF766A}.Debug|x86.ActiveCfg = Debug|Any CPU
		{D2115E2E-8F96-4614-A4EE-8D92C5DF766A}.Debug|x86.Build.0 = Debug|Any CPU
		{D2115E2E-8F96-4614-A4EE-8D92C5DF766A}.Release|Any CPU.ActiveCfg = Release|Any CPU
		{D2115E2E-8F96-4614-A4EE-8D92C5DF766A}.Release|Any CPU.Build.0 = Release|Any CPU
		{D2115E2E-8F96-4614-A4EE-8D92C5DF766A}.Release|x64.ActiveCfg = Release|Any CPU
		{D2115E2E-8F96-4614-A4EE-8D92C5DF766A}.Release|x64.Build.0 = Release|Any CPU
		{D2115E2E-8F96-4614-A4EE-8D92C5DF766A}.Release|x86.ActiveCfg = Release|Any CPU
		{D2115E2E-8F96-4614-A4EE-8D92C5DF766A}.Release|x86.Build.0 = Release|Any CPU
	EndGlobalSection
	GlobalSection(SolutionProperties) = preSolution
		HideSolutionNode = FALSE
	EndGlobalSection
	GlobalSection(NestedProjects) = preSolution
		{368831BF-81A2-4C1B-92ED-02598C411C58} = {827E0CD3-B72D-47B6-A68D-7590B98EB39B}
		{8528F197-97E6-40CE-94B4-5096D53D6065} = {827E0CD3-B72D-47B6-A68D-7590B98EB39B}
		{03243DB8-6096-4755-A876-83056A23AF41} = {827E0CD3-B72D-47B6-A68D-7590B98EB39B}
		{92FD161A-D90E-422B-8FC6-8EB4B1119D4A} = {827E0CD3-B72D-47B6-A68D-7590B98EB39B}
		{BC069E71-C7B6-4917-A097-4D07390FC8A4} = {827E0CD3-B72D-47B6-A68D-7590B98EB39B}
		{D2115E2E-8F96-4614-A4EE-8D92C5DF766A} = {5D20AA90-6969-D8BD-9DCD-8634F4692FDA}
	EndGlobalSection
EndGlobal
